
Microsoft Visual Studio Solution File, Format Version 12.00
# Visual Studio 14
VisualStudioVersion = 14.0.25420.1
MinimumVisualStudioVersion = 10.0.40219.1
Project("{FAE04EC0-301F-11D3-BF4B-00C04F79EFBC}") = "AdventDay3", "AdventDay3\AdventDay3.csproj", "{04FA2E9D-82FE-45E4-938F-33D94491743D}"
EndProject
Project("{FAE04EC0-301F-11D3-BF4B-00C04F79EFBC}") = "AdventDay1", "ConsoleApplication1\AdventDay1.csproj", "{E2C61315-EC1F-4C3F-BC11-139665AAEFC7}"
EndProject
Project("{FAE04EC0-301F-11D3-BF4B-00C04F79EFBC}") = "AdventDay4", "AdventDay4\AdventDay4.csproj", "{6D11C6B3-CF89-4F32-BB53-6753AA7EC358}"
EndProject
Project("{FAE04EC0-301F-11D3-BF4B-00C04F79EFBC}") = "AdventDay5", "Day5\AdventDay5.csproj", "{7412E291-FE47-485C-B670-A15E447F4845}"
EndProject
Project("{FAE04EC0-301F-11D3-BF4B-00C04F79EFBC}") = "AdventDay6", "AdventDay6\AdventDay6.csproj", "{85977CBC-3C92-4C58-9D17-6CFA6E30AA2C}"
EndProject
Project("{FAE04EC0-301F-11D3-BF4B-00C04F79EFBC}") = "AdventDay7", "Day7\AdventDay7.csproj", "{965F6B40-E26C-45C4-9E2B-9B32E899EA51}"
EndProject
Project("{FAE04EC0-301F-11D3-BF4B-00C04F79EFBC}") = "AdventDay8", "AdventDay8\AdventDay8.csproj", "{3A164CDD-F4A6-4AEA-8C01-EBD9BFB25E67}"
EndProject
Project("{FAE04EC0-301F-11D3-BF4B-00C04F79EFBC}") = "AdventDay9", "AdventDay9\AdventDay9.csproj", "{4CB7B42D-2678-4668-A431-E84DB2EC2EDD}"
EndProject
Project("{FAE04EC0-301F-11D3-BF4B-00C04F79EFBC}") = "AdventDay10", "AdventDay10\AdventDay10.csproj", "{EEAAC586-A4D2-4DDB-BAB4-57E842FEBE79}"
EndProject
Project("{FAE04EC0-301F-11D3-BF4B-00C04F79EFBC}") = "AdventDay12", "AdventDay11\AdventDay12.csproj", "{F473D01F-FBDB-4A8A-9462-29C114E41E8D}"
EndProject
Global
	GlobalSection(SolutionConfigurationPlatforms) = preSolution
		Debug|Any CPU = Debug|Any CPU
		Release|Any CPU = Release|Any CPU
	EndGlobalSection
	GlobalSection(ProjectConfigurationPlatforms) = postSolution
		{04FA2E9D-82FE-45E4-938F-33D94491743D}.Debug|Any CPU.ActiveCfg = Debug|Any CPU
		{04FA2E9D-82FE-45E4-938F-33D94491743D}.Debug|Any CPU.Build.0 = Debug|Any CPU
		{04FA2E9D-82FE-45E4-938F-33D94491743D}.Release|Any CPU.ActiveCfg = Release|Any CPU
		{04FA2E9D-82FE-45E4-938F-33D94491743D}.Release|Any CPU.Build.0 = Release|Any CPU
		{E2C61315-EC1F-4C3F-BC11-139665AAEFC7}.Debug|Any CPU.ActiveCfg = Debug|Any CPU
		{E2C61315-EC1F-4C3F-BC11-139665AAEFC7}.Debug|Any CPU.Build.0 = Debug|Any CPU
		{E2C61315-EC1F-4C3F-BC11-139665AAEFC7}.Release|Any CPU.ActiveCfg = Release|Any CPU
		{E2C61315-EC1F-4C3F-BC11-139665AAEFC7}.Release|Any CPU.Build.0 = Release|Any CPU
		{6D11C6B3-CF89-4F32-BB53-6753AA7EC358}.Debug|Any CPU.ActiveCfg = Debug|Any CPU
		{6D11C6B3-CF89-4F32-BB53-6753AA7EC358}.Debug|Any CPU.Build.0 = Debug|Any CPU
		{6D11C6B3-CF89-4F32-BB53-6753AA7EC358}.Release|Any CPU.ActiveCfg = Release|Any CPU
		{6D11C6B3-CF89-4F32-BB53-6753AA7EC358}.Release|Any CPU.Build.0 = Release|Any CPU
		{7412E291-FE47-485C-B670-A15E447F4845}.Debug|Any CPU.ActiveCfg = Debug|Any CPU
		{7412E291-FE47-485C-B670-A15E447F4845}.Debug|Any CPU.Build.0 = Debug|Any CPU
		{7412E291-FE47-485C-B670-A15E447F4845}.Release|Any CPU.ActiveCfg = Release|Any CPU
		{7412E291-FE47-485C-B670-A15E447F4845}.Release|Any CPU.Build.0 = Release|Any CPU
		{85977CBC-3C92-4C58-9D17-6CFA6E30AA2C}.Debug|Any CPU.ActiveCfg = Debug|Any CPU
		{85977CBC-3C92-4C58-9D17-6CFA6E30AA2C}.Debug|Any CPU.Build.0 = Debug|Any CPU
		{85977CBC-3C92-4C58-9D17-6CFA6E30AA2C}.Release|Any CPU.ActiveCfg = Release|Any CPU
		{85977CBC-3C92-4C58-9D17-6CFA6E30AA2C}.Release|Any CPU.Build.0 = Release|Any CPU
		{965F6B40-E26C-45C4-9E2B-9B32E899EA51}.Debug|Any CPU.ActiveCfg = Debug|Any CPU
		{965F6B40-E26C-45C4-9E2B-9B32E899EA51}.Debug|Any CPU.Build.0 = Debug|Any CPU
		{965F6B40-E26C-45C4-9E2B-9B32E899EA51}.Release|Any CPU.ActiveCfg = Release|Any CPU
		{965F6B40-E26C-45C4-9E2B-9B32E899EA51}.Release|Any CPU.Build.0 = Release|Any CPU
		{3A164CDD-F4A6-4AEA-8C01-EBD9BFB25E67}.Debug|Any CPU.ActiveCfg = Debug|Any CPU
		{3A164CDD-F4A6-4AEA-8C01-EBD9BFB25E67}.Debug|Any CPU.Build.0 = Debug|Any CPU
		{3A164CDD-F4A6-4AEA-8C01-EBD9BFB25E67}.Release|Any CPU.ActiveCfg = Release|Any CPU
		{3A164CDD-F4A6-4AEA-8C01-EBD9BFB25E67}.Release|Any CPU.Build.0 = Release|Any CPU
		{4CB7B42D-2678-4668-A431-E84DB2EC2EDD}.Debug|Any CPU.ActiveCfg = Debug|Any CPU
		{4CB7B42D-2678-4668-A431-E84DB2EC2EDD}.Debug|Any CPU.Build.0 = Debug|Any CPU
		{4CB7B42D-2678-4668-A431-E84DB2EC2EDD}.Release|Any CPU.ActiveCfg = Release|Any CPU
		{4CB7B42D-2678-4668-A431-E84DB2EC2EDD}.Release|Any CPU.Build.0 = Release|Any CPU
		{EEAAC586-A4D2-4DDB-BAB4-57E842FEBE79}.Debug|Any CPU.ActiveCfg = Debug|Any CPU
		{EEAAC586-A4D2-4DDB-BAB4-57E842FEBE79}.Debug|Any CPU.Build.0 = Debug|Any CPU
		{EEAAC586-A4D2-4DDB-BAB4-57E842FEBE79}.Release|Any CPU.ActiveCfg = Release|Any CPU
		{EEAAC586-A4D2-4DDB-BAB4-57E842FEBE79}.Release|Any CPU.Build.0 = Release|Any CPU
		{F473D01F-FBDB-4A8A-9462-29C114E41E8D}.Debug|Any CPU.ActiveCfg = Debug|Any CPU
		{F473D01F-FBDB-4A8A-9462-29C114E41E8D}.Debug|Any CPU.Build.0 = Debug|Any CPU
		{F473D01F-FBDB-4A8A-9462-29C114E41E8D}.Release|Any CPU.ActiveCfg = Release|Any CPU
		{F473D01F-FBDB-4A8A-9462-29C114E41E8D}.Release|Any CPU.Build.0 = Release|Any CPU
	EndGlobalSection
	GlobalSection(SolutionProperties) = preSolution
		HideSolutionNode = FALSE
	EndGlobalSection
EndGlobal
